
Microsoft Visual Studio Solution File, Format Version 12.00
# Visual Studio Version 16
VisualStudioVersion = 16.0.810.0
MinimumVisualStudioVersion = 10.0.40219.1
Project("{FAE04EC0-301F-11D3-BF4B-00C04F79EFBC}") = "HelloAssembly", "HelloAssembly\HelloAssembly.csproj", "{F4FADE15-1106-453C-8597-C4A81EFC1BD0}"
EndProject
Project("{FAE04EC0-301F-11D3-BF4B-00C04F79EFBC}") = "Bootstrap", "Bootstrap\Bootstrap.csproj", "{D84CC27F-50DB-4F48-8259-E8C9FC86D6CD}"
EndProject
Project("{FAE04EC0-301F-11D3-BF4B-00C04F79EFBC}") = "Friend", "Friend\Friend.csproj", "{A9222BFA-B2D0-45EB-8033-06A5423128D0}"
EndProject
Global
	GlobalSection(SolutionConfigurationPlatforms) = preSolution
		Debug|Any CPU = Debug|Any CPU
		Release|Any CPU = Release|Any CPU
	EndGlobalSection
	GlobalSection(ProjectConfigurationPlatforms) = postSolution
		{F4FADE15-1106-453C-8597-C4A81EFC1BD0}.Debug|Any CPU.ActiveCfg = Debug|Any CPU
		{F4FADE15-1106-453C-8597-C4A81EFC1BD0}.Debug|Any CPU.Build.0 = Debug|Any CPU
		{F4FADE15-1106-453C-8597-C4A81EFC1BD0}.Release|Any CPU.ActiveCfg = Release|Any CPU
		{F4FADE15-1106-453C-8597-C4A81EFC1BD0}.Release|Any CPU.Build.0 = Release|Any CPU
		{D84CC27F-50DB-4F48-8259-E8C9FC86D6CD}.Debug|Any CPU.ActiveCfg = Debug|Any CPU
		{D84CC27F-50DB-4F48-8259-E8C9FC86D6CD}.Debug|Any CPU.Build.0 = Debug|Any CPU
		{D84CC27F-50DB-4F48-8259-E8C9FC86D6CD}.Release|Any CPU.ActiveCfg = Release|Any CPU
		{D84CC27F-50DB-4F48-8259-E8C9FC86D6CD}.Release|Any CPU.Build.0 = Release|Any CPU
		{A9222BFA-B2D0-45EB-8033-06A5423128D0}.Debug|Any CPU.ActiveCfg = Debug|Any CPU
		{A9222BFA-B2D0-45EB-8033-06A5423128D0}.Debug|Any CPU.Build.0 = Debug|Any CPU
		{A9222BFA-B2D0-45EB-8033-06A5423128D0}.Release|Any CPU.ActiveCfg = Release|Any CPU
		{A9222BFA-B2D0-45EB-8033-06A5423128D0}.Release|Any CPU.Build.0 = Release|Any CPU
	EndGlobalSection
	GlobalSection(SolutionProperties) = preSolution
		HideSolutionNode = FALSE
	EndGlobalSection
	GlobalSection(ExtensibilityGlobals) = postSolution
		SolutionGuid = {CF2DA156-7715-4163-B03C-C995CC018FAD}
	EndGlobalSection
EndGlobal
